
Microsoft Visual Studio Solution File, Format Version 12.00
# Visual Studio Version 16
VisualStudioVersion = 16.0.29318.209
MinimumVisualStudioVersion = 10.0.40219.1
Project("{FAE04EC0-301F-11D3-BF4B-00C04F79EFBC}") = "C2G", "C2G\C2G.csproj", "{B61531A2-D709-4D14-93D1-9610AA96C83B}"
EndProject
Global
	GlobalSection(SolutionConfigurationPlatforms) = preSolution
		Debug|Any CPU = Debug|Any CPU
		Release|Any CPU = Release|Any CPU
	EndGlobalSection
	GlobalSection(ProjectConfigurationPlatforms) = postSolution
		{B61531A2-D709-4D14-93D1-9610AA96C83B}.Debug|Any CPU.ActiveCfg = Debug|Any CPU
		{B61531A2-D709-4D14-93D1-9610AA96C83B}.Debug|Any CPU.Build.0 = Debug|Any CPU
		{B61531A2-D709-4D14-93D1-9610AA96C83B}.Release|Any CPU.ActiveCfg = Release|Any CPU
		{B61531A2-D709-4D14-93D1-9610AA96C83B}.Release|Any CPU.Build.0 = Release|Any CPU
	EndGlobalSection
	GlobalSection(SolutionProperties) = preSolution
		HideSolutionNode = FALSE
	EndGlobalSection
	GlobalSection(ExtensibilityGlobals) = postSolution
		SolutionGuid = {E77A5D08-29F1-42A8-87EE-59AF4995A6F9}
	EndGlobalSection
EndGlobal
